
Microsoft Visual Studio Solution File, Format Version 12.00
# Visual Studio 15
VisualStudioVersion = 15.0.28307.1082
MinimumVisualStudioVersion = 10.0.40219.1
Project("{FAE04EC0-301F-11D3-BF4B-00C04F79EFBC}") = "rack-it", "rack-it\rack-it.csproj", "{D0835C66-CEAF-4062-9950-87B401683AD5}"
EndProject
Global
	GlobalSection(SolutionConfigurationPlatforms) = preSolution
		Debug|Any CPU = Debug|Any CPU
		Release|Any CPU = Release|Any CPU
	EndGlobalSection
	GlobalSection(ProjectConfigurationPlatforms) = postSolution
		{D0835C66-CEAF-4062-9950-87B401683AD5}.Debug|Any CPU.ActiveCfg = Debug|Any CPU
		{D0835C66-CEAF-4062-9950-87B401683AD5}.Debug|Any CPU.Build.0 = Debug|Any CPU
		{D0835C66-CEAF-4062-9950-87B401683AD5}.Release|Any CPU.ActiveCfg = Release|Any CPU
		{D0835C66-CEAF-4062-9950-87B401683AD5}.Release|Any CPU.Build.0 = Release|Any CPU
	EndGlobalSection
	GlobalSection(SolutionProperties) = preSolution
		HideSolutionNode = FALSE
	EndGlobalSection
	GlobalSection(ExtensibilityGlobals) = postSolution
		SolutionGuid = {B2B8265A-3103-4F81-9755-DD4A3DE95A5E}
	EndGlobalSection
EndGlobal
